// !$*UTF8*$!
{
	archiveVersion = 1;
	classes = {
	};
	objectVersion = 50;
	objects = {

/* Begin PBXBuildFile section */
		18C444DC217877C4002B677B /* BonjourService.swift in Sources */ = {isa = PBXBuildFile; fileRef = 18C444BB21786E4A002B677B /* BonjourService.swift */; };
		18C444DD217877C4002B677B /* GCDAsyncSocket.h in Headers */ = {isa = PBXBuildFile; fileRef = 18C444BE21786EED002B677B /* GCDAsyncSocket.h */; };
		18C444DE217877C4002B677B /* GCDAsyncSocket.m in Sources */ = {isa = PBXBuildFile; fileRef = 18C444BF21786EED002B677B /* GCDAsyncSocket.m */; };
		18C444DF217877C4002B677B /* BonjourService.swift in Sources */ = {isa = PBXBuildFile; fileRef = 18C444BB21786E4A002B677B /* BonjourService.swift */; };
		18C444E0217877C4002B677B /* GCDAsyncSocket.h in Headers */ = {isa = PBXBuildFile; fileRef = 18C444BE21786EED002B677B /* GCDAsyncSocket.h */; };
		18C444E1217877C4002B677B /* GCDAsyncSocket.m in Sources */ = {isa = PBXBuildFile; fileRef = 18C444BF21786EED002B677B /* GCDAsyncSocket.m */; };
/* End PBXBuildFile section */

/* Begin PBXFileReference section */
		18C444B321786DFF002B677B /* Bonjour.h */ = {isa = PBXFileReference; lastKnownFileType = sourcecode.c.h; path = Bonjour.h; sourceTree = "<group>"; };
		18C444B421786DFF002B677B /* Info.plist */ = {isa = PBXFileReference; lastKnownFileType = text.plist.xml; path = Info.plist; sourceTree = "<group>"; };
		18C444BB21786E4A002B677B /* BonjourService.swift */ = {isa = PBXFileReference; lastKnownFileType = sourcecode.swift; path = BonjourService.swift; sourceTree = "<group>"; };
		18C444BE21786EED002B677B /* GCDAsyncSocket.h */ = {isa = PBXFileReference; lastKnownFileType = sourcecode.c.h; path = GCDAsyncSocket.h; sourceTree = "<group>"; };
		18C444BF21786EED002B677B /* GCDAsyncSocket.m */ = {isa = PBXFileReference; lastKnownFileType = sourcecode.c.objc; path = GCDAsyncSocket.m; sourceTree = "<group>"; };
		18C444C72178779B002B677B /* Bonjour.framework */ = {isa = PBXFileReference; explicitFileType = wrapper.framework; includeInIndex = 0; path = Bonjour.framework; sourceTree = BUILT_PRODUCTS_DIR; };
		18C444D4217877AB002B677B /* Bonjour.framework */ = {isa = PBXFileReference; explicitFileType = wrapper.framework; includeInIndex = 0; path = Bonjour.framework; sourceTree = BUILT_PRODUCTS_DIR; };
/* End PBXFileReference section */

/* Begin PBXFrameworksBuildPhase section */
		18C444C42178779B002B677B /* Frameworks */ = {
			isa = PBXFrameworksBuildPhase;
			buildActionMask = 2147483647;
			files = (
			);
			runOnlyForDeploymentPostprocessing = 0;
		};
		18C444D1217877AB002B677B /* Frameworks */ = {
			isa = PBXFrameworksBuildPhase;
			buildActionMask = 2147483647;
			files = (
			);
			runOnlyForDeploymentPostprocessing = 0;
		};
/* End PBXFrameworksBuildPhase section */

/* Begin PBXGroup section */
		18C444A621786DFF002B677B = {
			isa = PBXGroup;
			children = (
				18C444B221786DFF002B677B /* Bonjour */,
				18C444B121786DFF002B677B /* Products */,
			);
			sourceTree = "<group>";
		};
		18C444B121786DFF002B677B /* Products */ = {
			isa = PBXGroup;
			children = (
				18C444C72178779B002B677B /* Bonjour.framework */,
				18C444D4217877AB002B677B /* Bonjour.framework */,
			);
			name = Products;
			sourceTree = "<group>";
		};
		18C444B221786DFF002B677B /* Bonjour */ = {
			isa = PBXGroup;
			children = (
				18C444B321786DFF002B677B /* Bonjour.h */,
				18C444BB21786E4A002B677B /* BonjourService.swift */,
				18C444BE21786EED002B677B /* GCDAsyncSocket.h */,
				18C444BF21786EED002B677B /* GCDAsyncSocket.m */,
				18C444B421786DFF002B677B /* Info.plist */,
			);
			path = Bonjour;
			sourceTree = "<group>";
		};
/* End PBXGroup section */

/* Begin PBXHeadersBuildPhase section */
		18C444C22178779B002B677B /* Headers */ = {
			isa = PBXHeadersBuildPhase;
			buildActionMask = 2147483647;
			files = (
				18C444DD217877C4002B677B /* GCDAsyncSocket.h in Headers */,
			);
			runOnlyForDeploymentPostprocessing = 0;
		};
		18C444CF217877AB002B677B /* Headers */ = {
			isa = PBXHeadersBuildPhase;
			buildActionMask = 2147483647;
			files = (
				18C444E0217877C4002B677B /* GCDAsyncSocket.h in Headers */,
			);
			runOnlyForDeploymentPostprocessing = 0;
		};
/* End PBXHeadersBuildPhase section */

/* Begin PBXNativeTarget section */
		18C444C62178779B002B677B /* Bonjour-iOS */ = {
			isa = PBXNativeTarget;
			buildConfigurationList = 18C444CC2178779B002B677B /* Build configuration list for PBXNativeTarget "Bonjour-iOS" */;
			buildPhases = (
				18C444C22178779B002B677B /* Headers */,
				18C444C32178779B002B677B /* Sources */,
				18C444C42178779B002B677B /* Frameworks */,
				18C444C52178779B002B677B /* Resources */,
			);
			buildRules = (
			);
			dependencies = (
			);
			name = "Bonjour-iOS";
			productName = "Bonjour-iOS";
			productReference = 18C444C72178779B002B677B /* Bonjour.framework */;
			productType = "com.apple.product-type.framework";
		};
		18C444D3217877AB002B677B /* Bonjour-macOS */ = {
			isa = PBXNativeTarget;
			buildConfigurationList = 18C444D9217877AB002B677B /* Build configuration list for PBXNativeTarget "Bonjour-macOS" */;
			buildPhases = (
				18C444CF217877AB002B677B /* Headers */,
				18C444D0217877AB002B677B /* Sources */,
				18C444D1217877AB002B677B /* Frameworks */,
				18C444D2217877AB002B677B /* Resources */,
			);
			buildRules = (
			);
			dependencies = (
			);
			name = "Bonjour-macOS";
			productName = "Bonjour-macOS";
			productReference = 18C444D4217877AB002B677B /* Bonjour.framework */;
			productType = "com.apple.product-type.framework";
		};
/* End PBXNativeTarget section */

/* Begin PBXProject section */
		18C444A721786DFF002B677B /* Project object */ = {
			isa = PBXProject;
			attributes = {
				LastUpgradeCheck = 1000;
				ORGANIZATIONNAME = "Eugene Bokhan";
				TargetAttributes = {
					18C444C62178779B002B677B = {
						CreatedOnToolsVersion = 10.0;
					};
					18C444D3217877AB002B677B = {
						CreatedOnToolsVersion = 10.0;
					};
				};
			};
			buildConfigurationList = 18C444AA21786DFF002B677B /* Build configuration list for PBXProject "Bonjour" */;
			compatibilityVersion = "Xcode 9.3";
			developmentRegion = en;
			hasScannedForEncodings = 0;
			knownRegions = (
				en,
			);
			mainGroup = 18C444A621786DFF002B677B;
			productRefGroup = 18C444B121786DFF002B677B /* Products */;
			projectDirPath = "";
			projectRoot = "";
			targets = (
				18C444C62178779B002B677B /* Bonjour-iOS */,
				18C444D3217877AB002B677B /* Bonjour-macOS */,
			);
		};
/* End PBXProject section */

/* Begin PBXResourcesBuildPhase section */
		18C444C52178779B002B677B /* Resources */ = {
			isa = PBXResourcesBuildPhase;
			buildActionMask = 2147483647;
			files = (
			);
			runOnlyForDeploymentPostprocessing = 0;
		};
		18C444D2217877AB002B677B /* Resources */ = {
			isa = PBXResourcesBuildPhase;
			buildActionMask = 2147483647;
			files = (
			);
			runOnlyForDeploymentPostprocessing = 0;
		};
/* End PBXResourcesBuildPhase section */

/* Begin PBXSourcesBuildPhase section */
		18C444C32178779B002B677B /* Sources */ = {
			isa = PBXSourcesBuildPhase;
			buildActionMask = 2147483647;
			files = (
				18C444DE217877C4002B677B /* GCDAsyncSocket.m in Sources */,
				18C444DC217877C4002B677B /* BonjourService.swift in Sources */,
			);
			runOnlyForDeploymentPostprocessing = 0;
		};
		18C444D0217877AB002B677B /* Sources */ = {
			isa = PBXSourcesBuildPhase;
			buildActionMask = 2147483647;
			files = (
				18C444E1217877C4002B677B /* GCDAsyncSocket.m in Sources */,
				18C444DF217877C4002B677B /* BonjourService.swift in Sources */,
			);
			runOnlyForDeploymentPostprocessing = 0;
		};
/* End PBXSourcesBuildPhase section */

/* Begin XCBuildConfiguration section */
		18C444B621786DFF002B677B /* Debug */ = {
			isa = XCBuildConfiguration;
			buildSettings = {
				ALWAYS_SEARCH_USER_PATHS = NO;
				CLANG_ANALYZER_NONNULL = YES;
				CLANG_ANALYZER_NUMBER_OBJECT_CONVERSION = YES_AGGRESSIVE;
				CLANG_CXX_LANGUAGE_STANDARD = "gnu++14";
				CLANG_CXX_LIBRARY = "libc++";
				CLANG_ENABLE_MODULES = YES;
				CLANG_ENABLE_OBJC_ARC = YES;
				CLANG_ENABLE_OBJC_WEAK = YES;
				CLANG_WARN_BLOCK_CAPTURE_AUTORELEASING = YES;
				CLANG_WARN_BOOL_CONVERSION = YES;
				CLANG_WARN_COMMA = YES;
				CLANG_WARN_CONSTANT_CONVERSION = YES;
				CLANG_WARN_DEPRECATED_OBJC_IMPLEMENTATIONS = YES;
				CLANG_WARN_DIRECT_OBJC_ISA_USAGE = YES_ERROR;
				CLANG_WARN_DOCUMENTATION_COMMENTS = YES;
				CLANG_WARN_EMPTY_BODY = YES;
				CLANG_WARN_ENUM_CONVERSION = YES;
				CLANG_WARN_INFINITE_RECURSION = YES;
				CLANG_WARN_INT_CONVERSION = YES;
				CLANG_WARN_NON_LITERAL_NULL_CONVERSION = YES;
				CLANG_WARN_OBJC_IMPLICIT_RETAIN_SELF = YES;
				CLANG_WARN_OBJC_LITERAL_CONVERSION = YES;
				CLANG_WARN_OBJC_ROOT_CLASS = YES_ERROR;
				CLANG_WARN_RANGE_LOOP_ANALYSIS = YES;
				CLANG_WARN_STRICT_PROTOTYPES = YES;
				CLANG_WARN_SUSPICIOUS_MOVE = YES;
				CLANG_WARN_UNGUARDED_AVAILABILITY = YES_AGGRESSIVE;
				CLANG_WARN_UNREACHABLE_CODE = YES;
				CLANG_WARN__DUPLICATE_METHOD_MATCH = YES;
				CODE_SIGN_IDENTITY = "iPhone Developer";
				COPY_PHASE_STRIP = NO;
				CURRENT_PROJECT_VERSION = 1;
				DEBUG_INFORMATION_FORMAT = dwarf;
				ENABLE_STRICT_OBJC_MSGSEND = YES;
				ENABLE_TESTABILITY = YES;
				GCC_C_LANGUAGE_STANDARD = gnu11;
				GCC_DYNAMIC_NO_PIC = NO;
				GCC_NO_COMMON_BLOCKS = YES;
				GCC_OPTIMIZATION_LEVEL = 0;
				GCC_PREPROCESSOR_DEFINITIONS = (
					"DEBUG=1",
					"$(inherited)",
				);
				GCC_WARN_64_TO_32_BIT_CONVERSION = YES;
				GCC_WARN_ABOUT_RETURN_TYPE = YES_ERROR;
				GCC_WARN_UNDECLARED_SELECTOR = YES;
				GCC_WARN_UNINITIALIZED_AUTOS = YES_AGGRESSIVE;
				GCC_WARN_UNUSED_FUNCTION = YES;
				GCC_WARN_UNUSED_VARIABLE = YES;
				IPHONEOS_DEPLOYMENT_TARGET = 12.0;
				MTL_ENABLE_DEBUG_INFO = INCLUDE_SOURCE;
				MTL_FAST_MATH = YES;
				ONLY_ACTIVE_ARCH = YES;
				SDKROOT = iphoneos;
				SWIFT_ACTIVE_COMPILATION_CONDITIONS = DEBUG;
				SWIFT_OPTIMIZATION_LEVEL = "-Onone";
				VERSIONING_SYSTEM = "apple-generic";
				VERSION_INFO_PREFIX = "";
			};
			name = Debug;
		};
		18C444B721786DFF002B677B /* Release */ = {
			isa = XCBuildConfiguration;
			buildSettings = {
				ALWAYS_SEARCH_USER_PATHS = NO;
				CLANG_ANALYZER_NONNULL = YES;
				CLANG_ANALYZER_NUMBER_OBJECT_CONVERSION = YES_AGGRESSIVE;
				CLANG_CXX_LANGUAGE_STANDARD = "gnu++14";
				CLANG_CXX_LIBRARY = "libc++";
				CLANG_ENABLE_MODULES = YES;
				CLANG_ENABLE_OBJC_ARC = YES;
				CLANG_ENABLE_OBJC_WEAK = YES;
				CLANG_WARN_BLOCK_CAPTURE_AUTORELEASING = YES;
				CLANG_WARN_BOOL_CONVERSION = YES;
				CLANG_WARN_COMMA = YES;
				CLANG_WARN_CONSTANT_CONVERSION = YES;
				CLANG_WARN_DEPRECATED_OBJC_IMPLEMENTATIONS = YES;
				CLANG_WARN_DIRECT_OBJC_ISA_USAGE = YES_ERROR;
				CLANG_WARN_DOCUMENTATION_COMMENTS = YES;
				CLANG_WARN_EMPTY_BODY = YES;
				CLANG_WARN_ENUM_CONVERSION = YES;
				CLANG_WARN_INFINITE_RECURSION = YES;
				CLANG_WARN_INT_CONVERSION = YES;
				CLANG_WARN_NON_LITERAL_NULL_CONVERSION = YES;
				CLANG_WARN_OBJC_IMPLICIT_RETAIN_SELF = YES;
				CLANG_WARN_OBJC_LITERAL_CONVERSION = YES;
				CLANG_WARN_OBJC_ROOT_CLASS = YES_ERROR;
				CLANG_WARN_RANGE_LOOP_ANALYSIS = YES;
				CLANG_WARN_STRICT_PROTOTYPES = YES;
				CLANG_WARN_SUSPICIOUS_MOVE = YES;
				CLANG_WARN_UNGUARDED_AVAILABILITY = YES_AGGRESSIVE;
				CLANG_WARN_UNREACHABLE_CODE = YES;
				CLANG_WARN__DUPLICATE_METHOD_MATCH = YES;
				CODE_SIGN_IDENTITY = "iPhone Developer";
				COPY_PHASE_STRIP = NO;
				CURRENT_PROJECT_VERSION = 1;
				DEBUG_INFORMATION_FORMAT = "dwarf-with-dsym";
				ENABLE_NS_ASSERTIONS = NO;
				ENABLE_STRICT_OBJC_MSGSEND = YES;
				GCC_C_LANGUAGE_STANDARD = gnu11;
				GCC_NO_COMMON_BLOCKS = YES;
				GCC_WARN_64_TO_32_BIT_CONVERSION = YES;
				GCC_WARN_ABOUT_RETURN_TYPE = YES_ERROR;
				GCC_WARN_UNDECLARED_SELECTOR = YES;
				GCC_WARN_UNINITIALIZED_AUTOS = YES_AGGRESSIVE;
				GCC_WARN_UNUSED_FUNCTION = YES;
				GCC_WARN_UNUSED_VARIABLE = YES;
				IPHONEOS_DEPLOYMENT_TARGET = 12.0;
				MTL_ENABLE_DEBUG_INFO = NO;
				MTL_FAST_MATH = YES;
				SDKROOT = iphoneos;
				SWIFT_COMPILATION_MODE = wholemodule;
				SWIFT_OPTIMIZATION_LEVEL = "-O";
				VALIDATE_PRODUCT = YES;
				VERSIONING_SYSTEM = "apple-generic";
				VERSION_INFO_PREFIX = "";
			};
			name = Release;
		};
		18C444CD2178779B002B677B /* Debug */ = {
			isa = XCBuildConfiguration;
			buildSettings = {
				CODE_SIGN_IDENTITY = "";
				CODE_SIGN_STYLE = Automatic;
				DEFINES_MODULE = YES;
				DEVELOPMENT_TEAM = 63TG84TE66;
				DYLIB_COMPATIBILITY_VERSION = 1;
				DYLIB_CURRENT_VERSION = 1;
				DYLIB_INSTALL_NAME_BASE = "@rpath";
				INFOPLIST_FILE = Bonjour/Info.plist;
				INSTALL_PATH = "$(LOCAL_LIBRARY_DIR)/Frameworks";
				LD_RUNPATH_SEARCH_PATHS = (
					"$(inherited)",
					"@executable_path/Frameworks",
					"@loader_path/Frameworks",
				);
				PRODUCT_BUNDLE_IDENTIFIER = com.eugenebokhan.Bonjour;
				PRODUCT_NAME = Bonjour;
				SKIP_INSTALL = YES;
				SWIFT_INCLUDE_PATHS = "$(SRCROOT)/Bonjour";
				SWIFT_VERSION = 4.2;
				TARGETED_DEVICE_FAMILY = "1,2";
			};
			name = Debug;
		};
		18C444CE2178779B002B677B /* Release */ = {
			isa = XCBuildConfiguration;
			buildSettings = {
				CODE_SIGN_IDENTITY = "";
				CODE_SIGN_STYLE = Automatic;
				DEFINES_MODULE = YES;
				DEVELOPMENT_TEAM = 63TG84TE66;
				DYLIB_COMPATIBILITY_VERSION = 1;
				DYLIB_CURRENT_VERSION = 1;
				DYLIB_INSTALL_NAME_BASE = "@rpath";
				INFOPLIST_FILE = Bonjour/Info.plist;
				INSTALL_PATH = "$(LOCAL_LIBRARY_DIR)/Frameworks";
				LD_RUNPATH_SEARCH_PATHS = (
					"$(inherited)",
					"@executable_path/Frameworks",
					"@loader_path/Frameworks",
				);
				PRODUCT_BUNDLE_IDENTIFIER = com.eugenebokhan.Bonjour;
				PRODUCT_NAME = Bonjour;
				SKIP_INSTALL = YES;
				SWIFT_INCLUDE_PATHS = "$(SRCROOT)/Bonjour";
				SWIFT_VERSION = 4.2;
				TARGETED_DEVICE_FAMILY = "1,2";
			};
			name = Release;
		};
		18C444DA217877AB002B677B /* Debug */ = {
			isa = XCBuildConfiguration;
			buildSettings = {
				CODE_SIGN_IDENTITY = "Mac Developer";
				CODE_SIGN_STYLE = Automatic;
				COMBINE_HIDPI_IMAGES = YES;
				DEFINES_MODULE = YES;
				DEVELOPMENT_TEAM = 63TG84TE66;
				DYLIB_COMPATIBILITY_VERSION = 1;
				DYLIB_CURRENT_VERSION = 1;
				DYLIB_INSTALL_NAME_BASE = "@rpath";
				FRAMEWORK_VERSION = A;
				INFOPLIST_FILE = Bonjour/Info.plist;
				INSTALL_PATH = "$(LOCAL_LIBRARY_DIR)/Frameworks";
				LD_RUNPATH_SEARCH_PATHS = (
					"$(inherited)",
					"@executable_path/../Frameworks",
					"@loader_path/Frameworks",
				);
				MACOSX_DEPLOYMENT_TARGET = 10.14;
				PRODUCT_BUNDLE_IDENTIFIER = com.eugenebokhan.Bonjour;
				PRODUCT_NAME = Bonjour;
				SDKROOT = macosx;
				SKIP_INSTALL = YES;
				SWIFT_INCLUDE_PATHS = "$(SRCROOT)/Bonjour";
				SWIFT_VERSION = 4.2;
			};
			name = Debug;
		};
		18C444DB217877AB002B677B /* Release */ = {
			isa = XCBuildConfiguration;
			buildSettings = {
				CODE_SIGN_IDENTITY = "Mac Developer";
				CODE_SIGN_STYLE = Automatic;
				COMBINE_HIDPI_IMAGES = YES;
				DEFINES_MODULE = YES;
				DEVELOPMENT_TEAM = 63TG84TE66;
				DYLIB_COMPATIBILITY_VERSION = 1;
				DYLIB_CURRENT_VERSION = 1;
				DYLIB_INSTALL_NAME_BASE = "@rpath";
				FRAMEWORK_VERSION = A;
				INFOPLIST_FILE = Bonjour/Info.plist;
				INSTALL_PATH = "$(LOCAL_LIBRARY_DIR)/Frameworks";
				LD_RUNPATH_SEARCH_PATHS = (
					"$(inherited)",
					"@executable_path/../Frameworks",
					"@loader_path/Frameworks",
				);
				MACOSX_DEPLOYMENT_TARGET = 10.14;
				PRODUCT_BUNDLE_IDENTIFIER = com.eugenebokhan.Bonjour;
				PRODUCT_NAME = Bonjour;
				SDKROOT = macosx;
				SKIP_INSTALL = YES;
				SWIFT_INCLUDE_PATHS = "$(SRCROOT)/Bonjour";
				SWIFT_VERSION = 4.2;
			};
			name = Release;
		};
/* End XCBuildConfiguration section */

/* Begin XCConfigurationList section */
		18C444AA21786DFF002B677B /* Build configuration list for PBXProject "Bonjour" */ = {
			isa = XCConfigurationList;
			buildConfigurations = (
				18C444B621786DFF002B677B /* Debug */,
				18C444B721786DFF002B677B /* Release */,
			);
			defaultConfigurationIsVisible = 0;
			defaultConfigurationName = Release;
		};
		18C444CC2178779B002B677B /* Build configuration list for PBXNativeTarget "Bonjour-iOS" */ = {
			isa = XCConfigurationList;
			buildConfigurations = (
				18C444CD2178779B002B677B /* Debug */,
				18C444CE2178779B002B677B /* Release */,
			);
			defaultConfigurationIsVisible = 0;
			defaultConfigurationName = Release;
		};
		18C444D9217877AB002B677B /* Build configuration list for PBXNativeTarget "Bonjour-macOS" */ = {
			isa = XCConfigurationList;
			buildConfigurations = (
				18C444DA217877AB002B677B /* Debug */,
				18C444DB217877AB002B677B /* Release */,
			);
			defaultConfigurationIsVisible = 0;
			defaultConfigurationName = Release;
		};
/* End XCConfigurationList section */
	};
	rootObject = 18C444A721786DFF002B677B /* Project object */;
}
